github.com/aif-go/ag-core v0.0.1-alpha.3 h1:+hH31AYUCV2PlvTqzB2/iTn9JtQe5m7We0llZr/P4QE=
github.com/aif-go/ag-core v0.0.1-alpha.3/go.mod h1:Z3G0bd57DVCtq+ecNWy+I1wScvhGP+amNIvIkwnwujQ=
github.com/cloudwego/kitex v0.15.2 h1:YeVBnQ4KZ1+lS5rjcJfad+6dLV/nKgIcx5T93eKCwrk=
github.com/cloudwego/kitex v0.15.2/go.mod h1:IiThcGN0SokNWdaoUyh8+yB65zn17mOIWIrRjWTqjq4=
github.com/davecgh/go-spew v1.1.2-0.20180830191138-d8f796af33cc h1:U9qPSI2PIWSS1VwoXQT9A3Wy9MM3WgvqSxFWenqJduM=
github.com/davecgh/go-spew v1.1.2-0.20180830191138-d8f796af33cc/go.mod h1:J7Y8YcW2NihsgmVo/mv3lAwl/skON4iLHjSsI+c5H38=
github.com/google/go-cmp v0.7.0 h1:wk8382ETsv4JYUZwIsn6YpYiWiBsYLSJiTsyBybVuN8=
github.com/google/go-cmp v0.7.0/go.mod h1:pXiqmnSA92OHEEa9HXL2W4E7lf9JzCmGVUdgjX3N/iU=
google.golang.org/genproto/googleapis/api v0.0.0-20251222181119-0a764e51fe1b h1:uA40e2M6fYRBf0+8uN5mLlqUtV192iiksiICIBkYJ1E=
google.golang.org/genproto/googleapis/api v0.0.0-20251222181119-0a764e51fe1b/go.mod h1:Xa7le7qx2vmqB/SzWUBa7KdMjpdpAHlh5QCSnjessQk=
google.golang.org/protobuf v1.36.11 h1:fV6ZwhNocDyBLK0dj+fg8ektcVegBBuEolpbTQyBNVE=
google.golang.org/protobuf v1.36.11/go.mod h1:HTf+CrKn2C3g5S8VImy6tdcUvCska2kB7j23XfzDpco=
